<?xml version="1.0" encoding="utf-8"?>
<Project ToolsVersion="4.0" xmlns="http://schemas.microsoft.com/developer/msbuild/2003">
  <ItemGroup>
    <Filter Include="Source Files">
      <UniqueIdentifier>{4FC737F1-C7A5-4376-A066-2A32D752A2FF}</UniqueIdentifier>
      <Extensions>cpp;c;cc;cxx;c++;cppm;ixx;def;odl;idl;hpj;bat;asm;asmx</Extensions>
    </Filter>
    <Filter Include="Header Files">
      <UniqueIdentifier>{93995380-89BD-4b04-88EB-625FBE52EBFB}</UniqueIdentifier>
      <Extensions>h;hh;hpp;hxx;h++;hm;inl;inc;ipp;xsd</Extensions>
    </Filter>
    <Filter Include="Resource Files">
      <UniqueIdentifier>{67DA6AB6-F800-4c08-8B7A-83BB121AAD01}</UniqueIdentifier>
      <Extensions>rc;ico;cur;bmp;dlg;rc2;rct;bin;rgs;gif;jpg;jpeg;jpe;resx;tiff;tif;png;wav;mfcribbon-ms</Extensions>
    </Filter>
    <Filter Include="GL">
      <UniqueIdentifier>{eebb28be-3abe-46c4-87e1-3dee4c3860e8}</UniqueIdentifier>
    </Filter>
    <Filter Include="gl3w">
      <UniqueIdentifier>{6d8091d8-f106-4126-b19e-ca832e146cf9}</UniqueIdentifier>
    </Filter>
  </ItemGroup>
  <ItemGroup>
    <ClCompile Include="main.cpp">
      <Filter>Source Files</Filter>
    </ClCompile>
    <ClCompile Include="GLShader.cpp">
      <Filter>GL</Filter>
    </ClCompile>
    <ClCompile Include="GLVertexArray.cpp">
      <Filter>GL</Filter>
    </ClCompile>
    <ClCompile Include="GLBuffer.cpp">
      <Filter>GL</Filter>
    </ClCompile>
    <ClCompile Include="GLBufferLayout.cpp">
      <Filter>GL</Filter>
    </ClCompile>
    <ClCompile Include="GLProgram.cpp">
      <Filter>GL</Filter>
    </ClCompile>
    <ClCompile Include="GLRenderSystem.cpp">
      <Filter>GL</Filter>
    </ClCompile>
    <ClCompile Include="..\..\..\..\gl3w\src\gl3w.c">
      <Filter>gl3w</Filter>
    </ClCompile>
    <ClCompile Include="GLTexture.cpp">
      <Filter>GL</Filter>
    </ClCompile>
  </ItemGroup>
  <ItemGroup>
    <ClInclude Include="GLRenderSystem.h">
      <Filter>GL</Filter>
    </ClInclude>
    <ClInclude Include="GLShader.h">
      <Filter>GL</Filter>
    </ClInclude>
    <ClInclude Include="GLVertexArray.h">
      <Filter>GL</Filter>
    </ClInclude>
    <ClInclude Include="GLBuffer.h">
      <Filter>GL</Filter>
    </ClInclude>
    <ClInclude Include="GLBufferLayout.h">
      <Filter>GL</Filter>
    </ClInclude>
    <ClInclude Include="GLProgram.h">
      <Filter>GL</Filter>
    </ClInclude>
    <ClInclude Include="SimpleObjLoader.h">
      <Filter>Header Files</Filter>
    </ClInclude>
    <ClInclude Include="GLTexture.h">
      <Filter>GL</Filter>
    </ClInclude>
  </ItemGroup>
</Project>